
Microsoft Visual Studio Solution File, Format Version 12.00
# Visual Studio Version 17
VisualStudioVersion = 17.0.31825.309
MinimumVisualStudioVersion = 15.0.26124.0
Project("{2150E333-8FDC-42A3-9474-1A3956D46DE8}") = "src", "src", "{8D777D02-43F8-4139-BFF4-96C5D61A49A8}"
EndProject
Project("{9A19103F-16F7-4668-BE54-9A1E7A4F7556}") = "Comet.Account", "src\Comet.Account\Comet.Account.csproj", "{3B4B4C3B-5B5F-4CDE-8A08-ECCF3CAE0ECE}"
EndProject
Project("{9A19103F-16F7-4668-BE54-9A1E7A4F7556}") = "Comet.Game", "src\Comet.Game\Comet.Game.csproj", "{7A6CC874-F669-4DA8-86B3-F526893170F9}"
EndProject
Project("{9A19103F-16F7-4668-BE54-9A1E7A4F7556}") = "Comet.Network", "src\Comet.Network\Comet.Network.csproj", "{AE65C717-2C6D-4657-BE96-672ABF5A4724}"
EndProject
Project("{9A19103F-16F7-4668-BE54-9A1E7A4F7556}") = "Comet.Core", "src\Comet.Core\Comet.Core.csproj", "{8F7D9D60-5E68-4578-BA2B-893180C36DDE}"
EndProject
Project("{9A19103F-16F7-4668-BE54-9A1E7A4F7556}") = "Comet.Shared", "src\Comet.Shared\Comet.Shared.csproj", "{83EFAE67-FB03-4A6A-8A08-2628AEDD9C7C}"
EndProject
Project("{9A19103F-16F7-4668-BE54-9A1E7A4F7556}") = "Comet.Database", "src\Comet.Database\Comet.Database.csproj", "{424E1F29-6BD7-426F-80DB-811D1172276B}"
EndProject
Project("{2150E333-8FDC-42A3-9474-1A3956D46DE8}") = "Solution Items", "Solution Items", "{C17423FC-A322-412B-8933-D4CAE8952A8B}"
	ProjectSection(SolutionItems) = preProject
		.gitignore = .gitignore
		.gitlab-ci.yml = .gitlab-ci.yml
		Contributing.md = Contributing.md
		Copyright = Copyright
		License = License
		README.md = README.md
	EndProjectSection
EndProject
Project("{9A19103F-16F7-4668-BE54-9A1E7A4F7556}") = "Comet.AI", "src\Comet.AI\Comet.AI.csproj", "{A0315879-597D-4C69-9A1F-C8BF8A74B3F4}"
EndProject
Project("{2150E333-8FDC-42A3-9474-1A3956D46DE8}") = "client", "client", "{D880B3F2-C02C-49E7-9F88-483C80B079FB}"
EndProject
Project("{2150E333-8FDC-42A3-9474-1A3956D46DE8}") = "tools", "tools", "{6C6D8036-8B1A-42BB-AA18-A24A2DC0ECFD}"
EndProject
Project("{9A19103F-16F7-4668-BE54-9A1E7A4F7556}") = "Comet.Launcher", "client\Comet.Launcher\Comet.Launcher.csproj", "{750F66B6-BAC9-4ECF-BAF6-F158D0DFC98F}"
	ProjectSection(ProjectDependencies) = postProject
		{26F10510-B9F1-47F4-9C20-75248C44494B} = {26F10510-B9F1-47F4-9C20-75248C44494B}
		{AE65C717-2C6D-4657-BE96-672ABF5A4724} = {AE65C717-2C6D-4657-BE96-672ABF5A4724}
	EndProjectSection
EndProject
Project("{9A19103F-16F7-4668-BE54-9A1E7A4F7556}") = "Comet.Launcher.Files", "client\Comet.Launcher.Files\Comet.Launcher.Files.csproj", "{26F10510-B9F1-47F4-9C20-75248C44494B}"
EndProject
Project("{2150E333-8FDC-42A3-9474-1A3956D46DE8}") = "doc", "doc", "{80DF798F-A0F0-416B-B464-757ACD214DF0}"
	ProjectSection(SolutionItems) = preProject
		doc\Comet.Updater.pdf = doc\Comet.Updater.pdf
		doc\LoginSequence.md = doc\LoginSequence.md
	EndProjectSection
EndProject
Project("{9A19103F-16F7-4668-BE54-9A1E7A4F7556}") = "Comet.Launcher.Server", "client\Comet.Launcher.Server\Comet.Launcher.Server.csproj", "{0943A00D-368F-4E63-9A89-11541E48E0B8}"
EndProject
Project("{9A19103F-16F7-4668-BE54-9A1E7A4F7556}") = "Comet.Network.Tests", "tests\Comet.Network.Tests\Comet.Network.Tests.csproj", "{32770F8D-D45F-4594-9389-A192F965D38D}"
EndProject
Project("{2150E333-8FDC-42A3-9474-1A3956D46DE8}") = "tests", "tests", "{3D98025E-482A-47AF-964C-63CBF2B7B77E}"
EndProject
Project("{9A19103F-16F7-4668-BE54-9A1E7A4F7556}") = "Comet.Tools.GM", "tools\Comet.Tools.GM\Comet.Tools.GM.csproj", "{6A92E1D2-AC87-4D68-8E13-31FA365218F6}"
EndProject
Global
	GlobalSection(SolutionConfigurationPlatforms) = preSolution
		Debug|Any CPU = Debug|Any CPU
		Debug|x64 = Debug|x64
		Debug|x86 = Debug|x86
		Release|Any CPU = Release|Any CPU
		Release|x64 = Release|x64
		Release|x86 = Release|x86
	EndGlobalSection
	GlobalSection(ProjectConfigurationPlatforms) = postSolution
		{3B4B4C3B-5B5F-4CDE-8A08-ECCF3CAE0ECE}.Debug|Any CPU.ActiveCfg = Debug|Any CPU
		{3B4B4C3B-5B5F-4CDE-8A08-ECCF3CAE0ECE}.Debug|Any CPU.Build.0 = Debug|Any CPU
		{3B4B4C3B-5B5F-4CDE-8A08-ECCF3CAE0ECE}.Debug|x64.ActiveCfg = Debug|Any CPU
		{3B4B4C3B-5B5F-4CDE-8A08-ECCF3CAE0ECE}.Debug|x64.Build.0 = Debug|Any CPU
		{3B4B4C3B-5B5F-4CDE-8A08-ECCF3CAE0ECE}.Debug|x86.ActiveCfg = Debug|Any CPU
		{3B4B4C3B-5B5F-4CDE-8A08-ECCF3CAE0ECE}.Debug|x86.Build.0 = Debug|Any CPU
		{3B4B4C3B-5B5F-4CDE-8A08-ECCF3CAE0ECE}.Release|Any CPU.ActiveCfg = Release|Any CPU
		{3B4B4C3B-5B5F-4CDE-8A08-ECCF3CAE0ECE}.Release|Any CPU.Build.0 = Release|Any CPU
		{3B4B4C3B-5B5F-4CDE-8A08-ECCF3CAE0ECE}.Release|x64.ActiveCfg = Release|Any CPU
		{3B4B4C3B-5B5F-4CDE-8A08-ECCF3CAE0ECE}.Release|x64.Build.0 = Release|Any CPU
		{3B4B4C3B-5B5F-4CDE-8A08-ECCF3CAE0ECE}.Release|x86.ActiveCfg = Release|Any CPU
		{3B4B4C3B-5B5F-4CDE-8A08-ECCF3CAE0ECE}.Release|x86.Build.0 = Release|Any CPU
		{7A6CC874-F669-4DA8-86B3-F526893170F9}.Debug|Any CPU.ActiveCfg = Debug|Any CPU
		{7A6CC874-F669-4DA8-86B3-F526893170F9}.Debug|Any CPU.Build.0 = Debug|Any CPU
		{7A6CC874-F669-4DA8-86B3-F526893170F9}.Debug|x64.ActiveCfg = Debug|Any CPU
		{7A6CC874-F669-4DA8-86B3-F526893170F9}.Debug|x64.Build.0 = Debug|Any CPU
		{7A6CC874-F669-4DA8-86B3-F526893170F9}.Debug|x86.ActiveCfg = Debug|Any CPU
		{7A6CC874-F669-4DA8-86B3-F526893170F9}.Debug|x86.Build.0 = Debug|Any CPU
		{7A6CC874-F669-4DA8-86B3-F526893170F9}.Release|Any CPU.ActiveCfg = Release|Any CPU
		{7A6CC874-F669-4DA8-86B3-F526893170F9}.Release|Any CPU.Build.0 = Release|Any CPU
		{7A6CC874-F669-4DA8-86B3-F526893170F9}.Release|x64.ActiveCfg = Release|Any CPU
		{7A6CC874-F669-4DA8-86B3-F526893170F9}.Release|x64.Build.0 = Release|Any CPU
		{7A6CC874-F669-4DA8-86B3-F526893170F9}.Release|x86.ActiveCfg = Release|Any CPU
		{7A6CC874-F669-4DA8-86B3-F526893170F9}.Release|x86.Build.0 = Release|Any CPU
		{AE65C717-2C6D-4657-BE96-672ABF5A4724}.Debug|Any CPU.ActiveCfg = Debug|Any CPU
		{AE65C717-2C6D-4657-BE96-672ABF5A4724}.Debug|Any CPU.Build.0 = Debug|Any CPU
		{AE65C717-2C6D-4657-BE96-672ABF5A4724}.Debug|x64.ActiveCfg = Debug|Any CPU
		{AE65C717-2C6D-4657-BE96-672ABF5A4724}.Debug|x64.Build.0 = Debug|Any CPU
		{AE65C717-2C6D-4657-BE96-672ABF5A4724}.Debug|x86.ActiveCfg = Debug|Any CPU
		{AE65C717-2C6D-4657-BE96-672ABF5A4724}.Debug|x86.Build.0 = Debug|Any CPU
		{AE65C717-2C6D-4657-BE96-672ABF5A4724}.Release|Any CPU.ActiveCfg = Release|Any CPU
		{AE65C717-2C6D-4657-BE96-672ABF5A4724}.Release|Any CPU.Build.0 = Release|Any CPU
		{AE65C717-2C6D-4657-BE96-672ABF5A4724}.Release|x64.ActiveCfg = Release|Any CPU
		{AE65C717-2C6D-4657-BE96-672ABF5A4724}.Release|x64.Build.0 = Release|Any CPU
		{AE65C717-2C6D-4657-BE96-672ABF5A4724}.Release|x86.ActiveCfg = Release|Any CPU
		{AE65C717-2C6D-4657-BE96-672ABF5A4724}.Release|x86.Build.0 = Release|Any CPU
		{8F7D9D60-5E68-4578-BA2B-893180C36DDE}.Debug|Any CPU.ActiveCfg = Debug|Any CPU
		{8F7D9D60-5E68-4578-BA2B-893180C36DDE}.Debug|Any CPU.Build.0 = Debug|Any CPU
		{8F7D9D60-5E68-4578-BA2B-893180C36DDE}.Debug|x64.ActiveCfg = Debug|Any CPU
		{8F7D9D60-5E68-4578-BA2B-893180C36DDE}.Debug|x64.Build.0 = Debug|Any CPU
		{8F7D9D60-5E68-4578-BA2B-893180C36DDE}.Debug|x86.ActiveCfg = Debug|Any CPU
		{8F7D9D60-5E68-4578-BA2B-893180C36DDE}.Debug|x86.Build.0 = Debug|Any CPU
		{8F7D9D60-5E68-4578-BA2B-893180C36DDE}.Release|Any CPU.ActiveCfg = Release|Any CPU
		{8F7D9D60-5E68-4578-BA2B-893180C36DDE}.Release|Any CPU.Build.0 = Release|Any CPU
		{8F7D9D60-5E68-4578-BA2B-893180C36DDE}.Release|x64.ActiveCfg = Release|Any CPU
		{8F7D9D60-5E68-4578-BA2B-893180C36DDE}.Release|x64.Build.0 = Release|Any CPU
		{8F7D9D60-5E68-4578-BA2B-893180C36DDE}.Release|x86.ActiveCfg = Release|Any CPU
		{8F7D9D60-5E68-4578-BA2B-893180C36DDE}.Release|x86.Build.0 = Release|Any CPU
		{83EFAE67-FB03-4A6A-8A08-2628AEDD9C7C}.Debug|Any CPU.ActiveCfg = Debug|Any CPU
		{83EFAE67-FB03-4A6A-8A08-2628AEDD9C7C}.Debug|Any CPU.Build.0 = Debug|Any CPU
		{83EFAE67-FB03-4A6A-8A08-2628AEDD9C7C}.Debug|x64.ActiveCfg = Debug|Any CPU
		{83EFAE67-FB03-4A6A-8A08-2628AEDD9C7C}.Debug|x64.Build.0 = Debug|Any CPU
		{83EFAE67-FB03-4A6A-8A08-2628AEDD9C7C}.Debug|x86.ActiveCfg = Debug|Any CPU
		{83EFAE67-FB03-4A6A-8A08-2628AEDD9C7C}.Debug|x86.Build.0 = Debug|Any CPU
		{83EFAE67-FB03-4A6A-8A08-2628AEDD9C7C}.Release|Any CPU.ActiveCfg = Release|Any CPU
		{83EFAE67-FB03-4A6A-8A08-2628AEDD9C7C}.Release|Any CPU.Build.0 = Release|Any CPU
		{83EFAE67-FB03-4A6A-8A08-2628AEDD9C7C}.Release|x64.ActiveCfg = Release|Any CPU
		{83EFAE67-FB03-4A6A-8A08-2628AEDD9C7C}.Release|x64.Build.0 = Release|Any CPU
		{83EFAE67-FB03-4A6A-8A08-2628AEDD9C7C}.Release|x86.ActiveCfg = Release|Any CPU
		{83EFAE67-FB03-4A6A-8A08-2628AEDD9C7C}.Release|x86.Build.0 = Release|Any CPU
		{424E1F29-6BD7-426F-80DB-811D1172276B}.Debug|Any CPU.ActiveCfg = Debug|Any CPU
		{424E1F29-6BD7-426F-80DB-811D1172276B}.Debug|Any CPU.Build.0 = Debug|Any CPU
		{424E1F29-6BD7-426F-80DB-811D1172276B}.Debug|x64.ActiveCfg = Debug|Any CPU
		{424E1F29-6BD7-426F-80DB-811D1172276B}.Debug|x64.Build.0 = Debug|Any CPU
		{424E1F29-6BD7-426F-80DB-811D1172276B}.Debug|x86.ActiveCfg = Debug|Any CPU
		{424E1F29-6BD7-426F-80DB-811D1172276B}.Debug|x86.Build.0 = Debug|Any CPU
		{424E1F29-6BD7-426F-80DB-811D1172276B}.Release|Any CPU.ActiveCfg = Release|Any CPU
		{424E1F29-6BD7-426F-80DB-811D1172276B}.Release|Any CPU.Build.0 = Release|Any CPU
		{424E1F29-6BD7-426F-80DB-811D1172276B}.Release|x64.ActiveCfg = Release|Any CPU
		{424E1F29-6BD7-426F-80DB-811D1172276B}.Release|x64.Build.0 = Release|Any CPU
		{424E1F29-6BD7-426F-80DB-811D1172276B}.Release|x86.ActiveCfg = Release|Any CPU
		{424E1F29-6BD7-426F-80DB-811D1172276B}.Release|x86.Build.0 = Release|Any CPU
		{A0315879-597D-4C69-9A1F-C8BF8A74B3F4}.Debug|Any CPU.ActiveCfg = Debug|Any CPU
		{A0315879-597D-4C69-9A1F-C8BF8A74B3F4}.Debug|Any CPU.Build.0 = Debug|Any CPU
		{A0315879-597D-4C69-9A1F-C8BF8A74B3F4}.Debug|x64.ActiveCfg = Debug|Any CPU
		{A0315879-597D-4C69-9A1F-C8BF8A74B3F4}.Debug|x64.Build.0 = Debug|Any CPU
		{A0315879-597D-4C69-9A1F-C8BF8A74B3F4}.Debug|x86.ActiveCfg = Debug|Any CPU
		{A0315879-597D-4C69-9A1F-C8BF8A74B3F4}.Debug|x86.Build.0 = Debug|Any CPU
		{A0315879-597D-4C69-9A1F-C8BF8A74B3F4}.Release|Any CPU.ActiveCfg = Release|Any CPU
		{A0315879-597D-4C69-9A1F-C8BF8A74B3F4}.Release|Any CPU.Build.0 = Release|Any CPU
		{A0315879-597D-4C69-9A1F-C8BF8A74B3F4}.Release|x64.ActiveCfg = Release|Any CPU
		{A0315879-597D-4C69-9A1F-C8BF8A74B3F4}.Release|x64.Build.0 = Release|Any CPU
		{A0315879-597D-4C69-9A1F-C8BF8A74B3F4}.Release|x86.ActiveCfg = Release|Any CPU
		{A0315879-597D-4C69-9A1F-C8BF8A74B3F4}.Release|x86.Build.0 = Release|Any CPU
		{750F66B6-BAC9-4ECF-BAF6-F158D0DFC98F}.Debug|Any CPU.ActiveCfg = Debug|Any CPU
		{750F66B6-BAC9-4ECF-BAF6-F158D0DFC98F}.Debug|Any CPU.Build.0 = Debug|Any CPU
		{750F66B6-BAC9-4ECF-BAF6-F158D0DFC98F}.Debug|x64.ActiveCfg = Debug|Any CPU
		{750F66B6-BAC9-4ECF-BAF6-F158D0DFC98F}.Debug|x64.Build.0 = Debug|Any CPU
		{750F66B6-BAC9-4ECF-BAF6-F158D0DFC98F}.Debug|x86.ActiveCfg = Debug|Any CPU
		{750F66B6-BAC9-4ECF-BAF6-F158D0DFC98F}.Debug|x86.Build.0 = Debug|Any CPU
		{750F66B6-BAC9-4ECF-BAF6-F158D0DFC98F}.Release|Any CPU.ActiveCfg = Release|Any CPU
		{750F66B6-BAC9-4ECF-BAF6-F158D0DFC98F}.Release|x64.ActiveCfg = Release|Any CPU
		{750F66B6-BAC9-4ECF-BAF6-F158D0DFC98F}.Release|x86.ActiveCfg = Release|Any CPU
		{750F66B6-BAC9-4ECF-BAF6-F158D0DFC98F}.Release|x86.Build.0 = Release|Any CPU
		{26F10510-B9F1-47F4-9C20-75248C44494B}.Debug|Any CPU.ActiveCfg = Debug|Any CPU
		{26F10510-B9F1-47F4-9C20-75248C44494B}.Debug|Any CPU.Build.0 = Debug|Any CPU
		{26F10510-B9F1-47F4-9C20-75248C44494B}.Debug|x64.ActiveCfg = Debug|Any CPU
		{26F10510-B9F1-47F4-9C20-75248C44494B}.Debug|x64.Build.0 = Debug|Any CPU
		{26F10510-B9F1-47F4-9C20-75248C44494B}.Debug|x86.ActiveCfg = Debug|Any CPU
		{26F10510-B9F1-47F4-9C20-75248C44494B}.Debug|x86.Build.0 = Debug|Any CPU
		{26F10510-B9F1-47F4-9C20-75248C44494B}.Release|Any CPU.ActiveCfg = Release|Any CPU
		{26F10510-B9F1-47F4-9C20-75248C44494B}.Release|Any CPU.Build.0 = Release|Any CPU
		{26F10510-B9F1-47F4-9C20-75248C44494B}.Release|x64.ActiveCfg = Release|Any CPU
		{26F10510-B9F1-47F4-9C20-75248C44494B}.Release|x64.Build.0 = Release|Any CPU
		{26F10510-B9F1-47F4-9C20-75248C44494B}.Release|x86.ActiveCfg = Release|Any CPU
		{26F10510-B9F1-47F4-9C20-75248C44494B}.Release|x86.Build.0 = Release|Any CPU
		{0943A00D-368F-4E63-9A89-11541E48E0B8}.Debug|Any CPU.ActiveCfg = Debug|Any CPU
		{0943A00D-368F-4E63-9A89-11541E48E0B8}.Debug|Any CPU.Build.0 = Debug|Any CPU
		{0943A00D-368F-4E63-9A89-11541E48E0B8}.Debug|x64.ActiveCfg = Debug|Any CPU
		{0943A00D-368F-4E63-9A89-11541E48E0B8}.Debug|x64.Build.0 = Debug|Any CPU
		{0943A00D-368F-4E63-9A89-11541E48E0B8}.Debug|x86.ActiveCfg = Debug|Any CPU
		{0943A00D-368F-4E63-9A89-11541E48E0B8}.Debug|x86.Build.0 = Debug|Any CPU
		{0943A00D-368F-4E63-9A89-11541E48E0B8}.Release|Any CPU.ActiveCfg = Release|Any CPU
		{0943A00D-368F-4E63-9A89-11541E48E0B8}.Release|Any CPU.Build.0 = Release|Any CPU
		{0943A00D-368F-4E63-9A89-11541E48E0B8}.Release|x64.ActiveCfg = Release|Any CPU
		{0943A00D-368F-4E63-9A89-11541E48E0B8}.Release|x64.Build.0 = Release|Any CPU
		{0943A00D-368F-4E63-9A89-11541E48E0B8}.Release|x86.ActiveCfg = Release|Any CPU
		{0943A00D-368F-4E63-9A89-11541E48E0B8}.Release|x86.Build.0 = Release|Any CPU
		{32770F8D-D45F-4594-9389-A192F965D38D}.Debug|Any CPU.ActiveCfg = Debug|Any CPU
		{32770F8D-D45F-4594-9389-A192F965D38D}.Debug|Any CPU.Build.0 = Debug|Any CPU
		{32770F8D-D45F-4594-9389-A192F965D38D}.Debug|x64.ActiveCfg = Debug|Any CPU
		{32770F8D-D45F-4594-9389-A192F965D38D}.Debug|x64.Build.0 = Debug|Any CPU
		{32770F8D-D45F-4594-9389-A192F965D38D}.Debug|x86.ActiveCfg = Debug|Any CPU
		{32770F8D-D45F-4594-9389-A192F965D38D}.Debug|x86.Build.0 = Debug|Any CPU
		{32770F8D-D45F-4594-9389-A192F965D38D}.Release|Any CPU.ActiveCfg = Release|Any CPU
		{32770F8D-D45F-4594-9389-A192F965D38D}.Release|Any CPU.Build.0 = Release|Any CPU
		{32770F8D-D45F-4594-9389-A192F965D38D}.Release|x64.ActiveCfg = Release|Any CPU
		{32770F8D-D45F-4594-9389-A192F965D38D}.Release|x64.Build.0 = Release|Any CPU
		{32770F8D-D45F-4594-9389-A192F965D38D}.Release|x86.ActiveCfg = Release|Any CPU
		{32770F8D-D45F-4594-9389-A192F965D38D}.Release|x86.Build.0 = Release|Any CPU
		{6A92E1D2-AC87-4D68-8E13-31FA365218F6}.Debug|Any CPU.ActiveCfg = Debug|Any CPU
		{6A92E1D2-AC87-4D68-8E13-31FA365218F6}.Debug|Any CPU.Build.0 = Debug|Any CPU
		{6A92E1D2-AC87-4D68-8E13-31FA365218F6}.Debug|x64.ActiveCfg = Debug|Any CPU
		{6A92E1D2-AC87-4D68-8E13-31FA365218F6}.Debug|x64.Build.0 = Debug|Any CPU
		{6A92E1D2-AC87-4D68-8E13-31FA365218F6}.Debug|x86.ActiveCfg = Debug|Any CPU
		{6A92E1D2-AC87-4D68-8E13-31FA365218F6}.Debug|x86.Build.0 = Debug|Any CPU
		{6A92E1D2-AC87-4D68-8E13-31FA365218F6}.Release|Any CPU.ActiveCfg = Release|Any CPU
		{6A92E1D2-AC87-4D68-8E13-31FA365218F6}.Release|Any CPU.Build.0 = Release|Any CPU
		{6A92E1D2-AC87-4D68-8E13-31FA365218F6}.Release|x64.ActiveCfg = Release|Any CPU
		{6A92E1D2-AC87-4D68-8E13-31FA365218F6}.Release|x86.ActiveCfg = Release|Any CPU
		{6A92E1D2-AC87-4D68-8E13-31FA365218F6}.Release|x86.Build.0 = Release|Any CPU
	EndGlobalSection
	GlobalSection(SolutionProperties) = preSolution
		HideSolutionNode = FALSE
	EndGlobalSection
	GlobalSection(NestedProjects) = preSolution
		{3B4B4C3B-5B5F-4CDE-8A08-ECCF3CAE0ECE} = {8D777D02-43F8-4139-BFF4-96C5D61A49A8}
		{7A6CC874-F669-4DA8-86B3-F526893170F9} = {8D777D02-43F8-4139-BFF4-96C5D61A49A8}
		{AE65C717-2C6D-4657-BE96-672ABF5A4724} = {8D777D02-43F8-4139-BFF4-96C5D61A49A8}
		{8F7D9D60-5E68-4578-BA2B-893180C36DDE} = {8D777D02-43F8-4139-BFF4-96C5D61A49A8}
		{83EFAE67-FB03-4A6A-8A08-2628AEDD9C7C} = {8D777D02-43F8-4139-BFF4-96C5D61A49A8}
		{424E1F29-6BD7-426F-80DB-811D1172276B} = {8D777D02-43F8-4139-BFF4-96C5D61A49A8}
		{A0315879-597D-4C69-9A1F-C8BF8A74B3F4} = {8D777D02-43F8-4139-BFF4-96C5D61A49A8}
		{750F66B6-BAC9-4ECF-BAF6-F158D0DFC98F} = {D880B3F2-C02C-49E7-9F88-483C80B079FB}
		{26F10510-B9F1-47F4-9C20-75248C44494B} = {D880B3F2-C02C-49E7-9F88-483C80B079FB}
		{0943A00D-368F-4E63-9A89-11541E48E0B8} = {D880B3F2-C02C-49E7-9F88-483C80B079FB}
		{32770F8D-D45F-4594-9389-A192F965D38D} = {3D98025E-482A-47AF-964C-63CBF2B7B77E}
		{6A92E1D2-AC87-4D68-8E13-31FA365218F6} = {6C6D8036-8B1A-42BB-AA18-A24A2DC0ECFD}
	EndGlobalSection
	GlobalSection(ExtensibilityGlobals) = postSolution
		SolutionGuid = {C7FB4131-E3D9-47FA-8F60-C50A4011F50D}
	EndGlobalSection
EndGlobal
